
Microsoft Visual Studio Solution File, Format Version 12.00
# Visual Studio Version 17
VisualStudioVersion = 17.11.35312.102
MinimumVisualStudioVersion = 10.0.40219.1
Project("{FAE04EC0-301F-11D3-BF4B-00C04F79EFBC}") = "SimplesmenteUse", "SimplesmenteUse\SimplesmenteUse.csproj", "{7D3F9C4B-F688-47B5-A2FD-EA08A3CE97A0}"
EndProject
Global
	GlobalSection(SolutionConfigurationPlatforms) = preSolution
		Debug|Any CPU = Debug|Any CPU
		Release|Any CPU = Release|Any CPU
	EndGlobalSection
	GlobalSection(ProjectConfigurationPlatforms) = postSolution
		{7D3F9C4B-F688-47B5-A2FD-EA08A3CE97A0}.Debug|Any CPU.ActiveCfg = Debug|Any CPU
		{7D3F9C4B-F688-47B5-A2FD-EA08A3CE97A0}.Debug|Any CPU.Build.0 = Debug|Any CPU
		{7D3F9C4B-F688-47B5-A2FD-EA08A3CE97A0}.Release|Any CPU.ActiveCfg = Release|Any CPU
		{7D3F9C4B-F688-47B5-A2FD-EA08A3CE97A0}.Release|Any CPU.Build.0 = Release|Any CPU
	EndGlobalSection
	GlobalSection(SolutionProperties) = preSolution
		HideSolutionNode = FALSE
	EndGlobalSection
	GlobalSection(ExtensibilityGlobals) = postSolution
		SolutionGuid = {25A2113E-10EF-40F7-BE5D-05C48FB416B6}
	EndGlobalSection
EndGlobal
